Microsoft Visual Studio Solution File, Format Version 12.00
# Visual Studio Version 17
VisualStudioVersion = 17.5.2.0
MinimumVisualStudioVersion = 10.0.40219.1
Project("{FAE04EC0-301F-11D3-BF4B-00C04F79EFBC}") = "ConSola", "ConSola\ConSola.csproj", "{3C9842DD-EE43-9E13-2C41-46CB64A5F938}"
EndProject
Project("{2150E333-8FDC-42A3-9474-1A3956D46DE8}") = "ConSola (1)", "ConSola (1)", "{C06C020A-8AC9-A5FC-AAA6-9B988711008E}"
EndProject
Project("{FAE04EC0-301F-11D3-BF4B-00C04F79EFBC}") = "ConSola.Tests", "ConSola\Tests\ConSola.Tests.csproj", "{92B11512-B496-C738-A930-C03BC2D5D465}"
EndProject
Global
	GlobalSection(SolutionConfigurationPlatforms) = preSolution
		Debug|Any CPU = Debug|Any CPU
		Release|Any CPU = Release|Any CPU
	EndGlobalSection
	GlobalSection(ProjectConfigurationPlatforms) = postSolution
		{3C9842DD-EE43-9E13-2C41-46CB64A5F938}.Debug|Any CPU.ActiveCfg = Debug|Any CPU
		{3C9842DD-EE43-9E13-2C41-46CB64A5F938}.Debug|Any CPU.Build.0 = Debug|Any CPU
		{3C9842DD-EE43-9E13-2C41-46CB64A5F938}.Release|Any CPU.ActiveCfg = Release|Any CPU
		{3C9842DD-EE43-9E13-2C41-46CB64A5F938}.Release|Any CPU.Build.0 = Release|Any CPU
		{92B11512-B496-C738-A930-C03BC2D5D465}.Debug|Any CPU.ActiveCfg = Debug|Any CPU
		{92B11512-B496-C738-A930-C03BC2D5D465}.Debug|Any CPU.Build.0 = Debug|Any CPU
		{92B11512-B496-C738-A930-C03BC2D5D465}.Release|Any CPU.ActiveCfg = Release|Any CPU
		{92B11512-B496-C738-A930-C03BC2D5D465}.Release|Any CPU.Build.0 = Release|Any CPU
	EndGlobalSection
	GlobalSection(SolutionProperties) = preSolution
		HideSolutionNode = FALSE
	EndGlobalSection
	GlobalSection(NestedProjects) = preSolution
		{92B11512-B496-C738-A930-C03BC2D5D465} = {C06C020A-8AC9-A5FC-AAA6-9B988711008E}
	EndGlobalSection
	GlobalSection(ExtensibilityGlobals) = postSolution
		SolutionGuid = {9A10ADD2-7728-41BD-A1C9-40C4259186DB}
	EndGlobalSection
EndGlobal
